
Microsoft Visual Studio Solution File, Format Version 11.00
# Visual Studio 2010
Project("{8BC9CEB8-8B4A-11D0-8D11-00A0C91BC942}") = "ComputerLogInTime", "ComputerLogInTime\ComputerLogInTime.vcxproj", "{0D6964F2-B095-48FE-8167-E8CE4D396944}"
EndProject
Global
	GlobalSection(SolutionConfigurationPlatforms) = preSolution
		Debug|Win32 = Debug|Win32
		Release|Win32 = Release|Win32
	EndGlobalSection
	GlobalSection(ProjectConfigurationPlatforms) = postSolution
		{0D6964F2-B095-48FE-8167-E8CE4D396944}.Debug|Win32.ActiveCfg = Debug|Win32
		{0D6964F2-B095-48FE-8167-E8CE4D396944}.Debug|Win32.Build.0 = Debug|Win32
		{0D6964F2-B095-48FE-8167-E8CE4D396944}.Release|Win32.ActiveCfg = Release|Win32
		{0D6964F2-B095-48FE-8167-E8CE4D396944}.Release|Win32.Build.0 = Release|Win32
	EndGlobalSection
	GlobalSection(SolutionProperties) = preSolution
		HideSolutionNode = FALSE
	EndGlobalSection
EndGlobal
